
Microsoft Visual Studio Solution File, Format Version 12.00
# Visual Studio 15
VisualStudioVersion = 15.0.27130.2010
MinimumVisualStudioVersion = 10.0.40219.1
Project("{FAE04EC0-301F-11D3-BF4B-00C04F79EFBC}") = "RPG", "RPG\RPG.csproj", "{90D769F2-5885-439E-B5DC-89B52CC9E7E9}"
EndProject
Global
	GlobalSection(SolutionConfigurationPlatforms) = preSolution
		Debug|Any CPU = Debug|Any CPU
		Release|Any CPU = Release|Any CPU
	EndGlobalSection
	GlobalSection(ProjectConfigurationPlatforms) = postSolution
		{90D769F2-5885-439E-B5DC-89B52CC9E7E9}.Debug|Any CPU.ActiveCfg = Debug|Any CPU
		{90D769F2-5885-439E-B5DC-89B52CC9E7E9}.Debug|Any CPU.Build.0 = Debug|Any CPU
		{90D769F2-5885-439E-B5DC-89B52CC9E7E9}.Release|Any CPU.ActiveCfg = Release|Any CPU
		{90D769F2-5885-439E-B5DC-89B52CC9E7E9}.Release|Any CPU.Build.0 = Release|Any CPU
	EndGlobalSection
	GlobalSection(SolutionProperties) = preSolution
		HideSolutionNode = FALSE
	EndGlobalSection
	GlobalSection(ExtensibilityGlobals) = postSolution
		SolutionGuid = {74DBC9EB-A827-4D64-BD46-D1F266869402}
	EndGlobalSection
EndGlobal
